
Microsoft Visual Studio Solution File, Format Version 12.00
# Visual Studio Version 16
VisualStudioVersion = 16.0.31729.503
MinimumVisualStudioVersion = 10.0.40219.1
Project("{9A19103F-16F7-4668-BE54-9A1E7A4F7556}") = "HanbiroExtensionGUI", "HanbiroExtensionGUI\HanbiroExtensionGUI.csproj", "{47EE2F89-E2A6-40E1-8E50-CFD3DB582F58}"
EndProject
Project("{2150E333-8FDC-42A3-9474-1A3956D46DE8}") = "Todo", "Todo", "{12ECAED2-4501-450E-9971-F3ADE7E247AF}"
	ProjectSection(SolutionItems) = preProject
		ToDoList.txt = ToDoList.txt
	EndProjectSection
EndProject
Project("{FAE04EC0-301F-11D3-BF4B-00C04F79EFBC}") = "HanbiroExtensionApp", "HanbiroExtensionApp\HanbiroExtensionApp.csproj", "{12F44897-209C-438B-8F44-D7D069EB8719}"
EndProject
Global
	GlobalSection(SolutionConfigurationPlatforms) = preSolution
		Debug|Any CPU = Debug|Any CPU
		Release|Any CPU = Release|Any CPU
	EndGlobalSection
	GlobalSection(ProjectConfigurationPlatforms) = postSolution
		{47EE2F89-E2A6-40E1-8E50-CFD3DB582F58}.Debug|Any CPU.ActiveCfg = Debug|Any CPU
		{47EE2F89-E2A6-40E1-8E50-CFD3DB582F58}.Debug|Any CPU.Build.0 = Debug|Any CPU
		{47EE2F89-E2A6-40E1-8E50-CFD3DB582F58}.Release|Any CPU.ActiveCfg = Release|Any CPU
		{47EE2F89-E2A6-40E1-8E50-CFD3DB582F58}.Release|Any CPU.Build.0 = Release|Any CPU
		{12F44897-209C-438B-8F44-D7D069EB8719}.Debug|Any CPU.ActiveCfg = Debug|Any CPU
		{12F44897-209C-438B-8F44-D7D069EB8719}.Debug|Any CPU.Build.0 = Debug|Any CPU
		{12F44897-209C-438B-8F44-D7D069EB8719}.Release|Any CPU.ActiveCfg = Release|Any CPU
		{12F44897-209C-438B-8F44-D7D069EB8719}.Release|Any CPU.Build.0 = Release|Any CPU
	EndGlobalSection
	GlobalSection(SolutionProperties) = preSolution
		HideSolutionNode = FALSE
	EndGlobalSection
	GlobalSection(ExtensibilityGlobals) = postSolution
		SolutionGuid = {B8DAFB9A-6100-4642-80F3-53E3343A310A}
	EndGlobalSection
EndGlobal
